[[package]]
name = "asgiref"
version = "3.6.0"
description = "ASGI specs, helper code, and adapters"
category = "main"
optional = false
python-versions = ">=3.7"

[package.extras]
tests = ["mypy (>=0.800)", "pytest", "pytest-asyncio"]

[[package]]
name = "colorama"
version = "0.4.6"
description = "Cross-platform colored terminal text."
category = "main"
optional = false
python-versions = "!=3.0.*,!=3.1.*,!=3.2.*,!=3.3.*,!=3.4.*,!=3.5.*,!=3.6.*,>=2.7"

[[package]]
name = "django"
version = "4.2.1"
description = "A high-level Python web framework that encourages rapid development and clean, pragmatic design."
category = "main"
optional = false
python-versions = ">=3.8"

[package.dependencies]
asgiref = ">=3.6.0,<4"
sqlparse = ">=0.3.1"
tzdata = {version = "*", markers = "sys_platform == \"win32\""}

[package.extras]
argon2 = ["argon2-cffi (>=19.1.0)"]
bcrypt = ["bcrypt"]

[[package]]
name = "django-formtools"
version = "2.4.1"
description = "A set of high-level abstractions for Django forms"
category = "main"
optional = false
python-versions = ">=3.7"

[package.dependencies]
Django = ">=3.2"

[[package]]
name = "django-otp"
version = "1.2.0"
description = "A pluggable framework for adding two-factor authentication to Django using one-time passwords."
category = "main"
optional = false
python-versions = ">=3.7"

[package.dependencies]
django = ">=3.2"

[package.extras]
qrcode = ["qrcode"]

[[package]]
name = "django-phonenumber-field"
version = "6.4.0"
description = "An international phone number field for django models."
category = "main"
optional = false
python-versions = ">=3.7"

[package.dependencies]
Django = ">=3.2"

[package.extras]
phonenumbers = ["phonenumbers (>=7.0.2)"]
phonenumberslite = ["phonenumberslite (>=7.0.2)"]

[[package]]
name = "django-two-factor-auth"
version = "1.15.2"
description = "Complete Two-Factor Authentication for Django"
category = "main"
optional = false
python-versions = "*"

[package.dependencies]
Django = ">=3.2"
django-formtools = "*"
django-otp = ">=0.8.0"
django-phonenumber-field = ">=1.1.0,<7"
qrcode = ">=4.0.0,<7.99"

[package.extras]
call = ["twilio (>=6.0)"]
phonenumbers = ["phonenumbers (>=7.0.9,<8.99)"]
phonenumberslite = ["phonenumberslite (>=7.0.9,<8.99)"]
sms = ["twilio (>=6.0)"]
webauthn = ["pydantic (>=1.9.0,<1.99)", "webauthn (>=1.6.0,<1.99)"]
yubikey = ["django-otp-yubikey"]

[[package]]
name = "pypng"
version = "0.20220715.0"
description = "Pure Python library for saving and loading PNG images"
category = "main"
optional = false
python-versions = "*"

[[package]]
name = "qrcode"
version = "7.4.2"
description = "QR Code image generator"
category = "main"
optional = false
python-versions = ">=3.7"

[package.dependencies]
colorama = {version = "*", markers = "platform_system == \"Windows\""}
pypng = "*"
typing-extensions = "*"

[package.extras]
all = ["pillow (>=9.1.0)", "pytest", "pytest-cov", "tox", "zest.releaser[recommended]"]
dev = ["pytest", "pytest-cov", "tox"]
maintainer = ["zest.releaser[recommended]"]
pil = ["pillow (>=9.1.0)"]
test = ["coverage", "pytest"]

[[package]]
name = "sqlparse"
version = "0.4.4"
description = "A non-validating SQL parser."
category = "main"
optional = false
python-versions = ">=3.5"

[package.extras]
dev = ["build", "flake8"]
doc = ["sphinx"]
test = ["pytest", "pytest-cov"]

[[package]]
name = "typing-extensions"
version = "4.5.0"
description = "Backported and Experimental Type Hints for Python 3.7+"
category = "main"
optional = false
python-versions = ">=3.7"

[[package]]
name = "tzdata"
version = "2023.3"
description = "Provider of IANA time zone data"
category = "main"
optional = false
python-versions = ">=2"

[metadata]
lock-version = "1.1"
python-versions = "^3.11"
content-hash = "f8e88e62a2699ece2bdf3aa655470f74e49f1b7aba46895bd4ce172817f59532"

[metadata.files]
asgiref = [
    {file = "asgiref-3.6.0-py3-none-any.whl", hash = "sha256:71e68008da809b957b7ee4b43dbccff33d1b23519fb8344e33f049897077afac"},
    {file = "asgiref-3.6.0.tar.gz", hash = "sha256:9567dfe7bd8d3c8c892227827c41cce860b368104c3431da67a0c5a65a949506"},
]
colorama = [
    {file = "colorama-0.4.6-py2.py3-none-any.whl", hash = "sha256:4f1d9991f5acc0ca119f9d443620b77f9d6b33703e51011c16baf57afb285fc6"},
    {file = "colorama-0.4.6.tar.gz", hash = "sha256:08695f5cb7ed6e0531a20572697297273c47b8cae5a63ffc6d6ed5c201be6e44"},
]
django = [
    {file = "Django-4.2.1-py3-none-any.whl", hash = "sha256:066b6debb5ac335458d2a713ed995570536c8b59a580005acb0732378d5eb1ee"},
    {file = "Django-4.2.1.tar.gz", hash = "sha256:7efa6b1f781a6119a10ac94b4794ded90db8accbe7802281cd26f8664ffed59c"},
]
django-formtools = [
    {file = "django-formtools-2.4.1.tar.gz", hash = "sha256:21f8d5dac737f1e636fa8a0a10969c1c32f525a6dfa27c29592827ba70d9643a"},
    {file = "django_formtools-2.4.1-py3-none-any.whl", hash = "sha256:49ea8a64ddef4728a558bf5f8f622c0f4053b979edcf193bf00dd80432ab2f12"},
]
django-otp = [
    {file = "django_otp-1.2.0-py3-none-any.whl", hash = "sha256:aa14ace751bede7c6c385f2ea3589f6aa3565a31e455fa0ee69801b79761e3b0"},
    {file = "django_otp-1.2.0.tar.gz", hash = "sha256:2baa30237f46549446d8d17a790b962f9065168bad38968dd208cdeb85901ede"},
]
django-phonenumber-field = [
    {file = "django-phonenumber-field-6.4.0.tar.gz", hash = "sha256:72a3e7a3e7493bf2a12c07a3bc77ce89813acc16592bf04d0eee3b5a452097ed"},
    {file = "django_phonenumber_field-6.4.0-py3-none-any.whl", hash = "sha256:a31b4f05ac0ff898661516c84940f83adb5cdcf0ae4b9b1d31bb8ad3ff345b58"},
]
django-two-factor-auth = [
    {file = "django-two-factor-auth-1.15.2.tar.gz", hash = "sha256:298a4a0471c31f953d600cb15359b715ca85ef2ac52c7ff75291b7e9193086ac"},
    {file = "django_two_factor_auth-1.15.2-py3-none-any.whl", hash = "sha256:df66cabf8b9de9ecd4a20ab27a81fbd4bc54e4d12cad2943bfcad520f1cd7ed8"},
]
pypng = [
    {file = "pypng-0.20220715.0-py3-none-any.whl", hash = "sha256:4a43e969b8f5aaafb2a415536c1a8ec7e341cd6a3f957fd5b5f32a4cfeed902c"},
    {file = "pypng-0.20220715.0.tar.gz", hash = "sha256:739c433ba96f078315de54c0db975aee537cbc3e1d0ae4ed9aab0ca1e427e2c1"},
]
qrcode = [
    {file = "qrcode-7.4.2-py3-none-any.whl", hash = "sha256:581dca7a029bcb2deef5d01068e39093e80ef00b4a61098a2182eac59d01643a"},
    {file = "qrcode-7.4.2.tar.gz", hash = "sha256:9dd969454827e127dbd93696b20747239e6d540e082937c90f14ac95b30f5845"},
]
sqlparse = [
    {file = "sqlparse-0.4.4-py3-none-any.whl", hash = "sha256:5430a4fe2ac7d0f93e66f1efc6e1338a41884b7ddf2a350cedd20ccc4d9d28f3"},
    {file = "sqlparse-0.4.4.tar.gz", hash = "sha256:d446183e84b8349fa3061f0fe7f06ca94ba65b426946ffebe6e3e8295332420c"},
]
typing-extensions = [
    {file = "typing_extensions-4.5.0-py3-none-any.whl", hash = "sha256:fb33085c39dd998ac16d1431ebc293a8b3eedd00fd4a32de0ff79002c19511b4"},
    {file = "typing_extensions-4.5.0.tar.gz", hash = "sha256:5cb5f4a79139d699607b3ef622a1dedafa84e115ab0024e0d9c044a9479ca7cb"},
]
tzdata = [
    {file = "tzdata-2023.3-py2.py3-none-any.whl", hash = "sha256:7e65763eef3120314099b6939b5546db7adce1e7d6f2e179e3df563c70511eda"},
    {file = "tzdata-2023.3.tar.gz", hash = "sha256:11ef1e08e54acb0d4f95bdb1be05da659673de4acbd21bf9c69e94cc5e907a3a"},
]
